
Microsoft Visual Studio Solution File, Format Version 12.00
# Visual Studio 2012
Project("{FAE04EC0-301F-11D3-BF4B-00C04F79EFBC}") = "mynotes", "mynotes\mynotes.csproj", "{E2324685-57B7-439C-BA06-E9927A403C72}"
EndProject
Global
	GlobalSection(SolutionConfigurationPlatforms) = preSolution
		Debug|Any CPU = Debug|Any CPU
		Release|Any CPU = Release|Any CPU
	EndGlobalSection
	GlobalSection(ProjectConfigurationPlatforms) = postSolution
		{E2324685-57B7-439C-BA06-E9927A403C72}.Debug|Any CPU.ActiveCfg = Debug|Any CPU
		{E2324685-57B7-439C-BA06-E9927A403C72}.Debug|Any CPU.Build.0 = Debug|Any CPU
		{E2324685-57B7-439C-BA06-E9927A403C72}.Release|Any CPU.ActiveCfg = Release|Any CPU
		{E2324685-57B7-439C-BA06-E9927A403C72}.Release|Any CPU.Build.0 = Release|Any CPU
	EndGlobalSection
	GlobalSection(SolutionProperties) = preSolution
		HideSolutionNode = FALSE
	EndGlobalSection
EndGlobal
